
Microsoft Visual Studio Solution File, Format Version 11.00
# Visual Studio 2010
Project("{FAE04EC0-301F-11D3-BF4B-00C04F79EFBC}") = "Mocks.Lamda.Test", "Mocks.Lamda.Test\Mocks.Lamda.Test.csproj", "{B1506DCE-48E0-4742-A08B-AF305D8AA0CE}"
EndProject
Global
	GlobalSection(SolutionConfigurationPlatforms) = preSolution
		Debug|Any CPU = Debug|Any CPU
		Release|Any CPU = Release|Any CPU
	EndGlobalSection
	GlobalSection(ProjectConfigurationPlatforms) = postSolution
		{B1506DCE-48E0-4742-A08B-AF305D8AA0CE}.Debug|Any CPU.ActiveCfg = Debug|Any CPU
		{B1506DCE-48E0-4742-A08B-AF305D8AA0CE}.Debug|Any CPU.Build.0 = Debug|Any CPU
		{B1506DCE-48E0-4742-A08B-AF305D8AA0CE}.Release|Any CPU.ActiveCfg = Release|Any CPU
		{B1506DCE-48E0-4742-A08B-AF305D8AA0CE}.Release|Any CPU.Build.0 = Release|Any CPU
	EndGlobalSection
	GlobalSection(SolutionProperties) = preSolution
		HideSolutionNode = FALSE
	EndGlobalSection
EndGlobal
